{
  "meteor": {},
  "dependencies": {
    "basePackages": {
      "iron-router": {},
      "jade": {},
      "geojs": {
        "path": "packages/geojs"
      },
      "tangelo": {
        "path": "packages/tangelo"
      },
      "bootstrap-3": {},
      "reactive-table": {},
      "d3": {},
      "font-awesome": {}
    },
    "packages": {
      "iron-router": {
        "git": "https://github.com/EventedMind/iron-router.git",
        "tag": "v0.7.1",
        "commit": "d1ffb3f06ea4c112132b030f2eb1a70b81675ecb"
      },
      "jade": {
        "git": "https://github.com/mquandalle/meteor-jade.git",
        "tag": "v0.2.2",
        "commit": "0391abab7d592b17ff74d9b9beaa721051970729"
      },
      "geojs": {
        "path": "packages/geojs"
      },
      "tangelo": {
        "path": "packages/tangelo"
      },
      "bootstrap-3": {
        "git": "https://github.com/mangasocial/meteor-bootstrap-3.git",
        "tag": "v3.1.1-1",
        "commit": "63dd38968828bb8963636df93e9a1c45e2dfe67e"
      },
      "reactive-table": {
        "git": "https://github.com/ecohealthalliance/reactive-table.git",
        "tag": "v0.3.11",
        "commit": "9ec88b8bcded8ced97cc8736f3d2ecbe3e7b926d"
      },
      "d3": {
        "git": "https://github.com/sergeyt/meteor-d3.git",
        "tag": "v3.4.1",
        "commit": "bdfee250a332b516a158ed0913ec9363850afe0d"
      },
      "font-awesome": {
        "git": "https://github.com/nate-strauser/meteor-font-awesome.git",
        "tag": "v4.0.3",
        "commit": "61e9361384347547ae144f8228faa4deffda23db"
      },
      "blaze-layout": {
        "git": "https://github.com/EventedMind/blaze-layout.git",
        "tag": "v0.2.4",
        "commit": "b40e9b0612329288d75cf52ad14a7da64bb8618f"
      },
      "just-i18n": {
        "git": "https://github.com/subhog/meteor-just-i18n.git",
        "tag": "v0.2.4",
        "commit": "91decfcf5b3b5e67f202a67658350b862330bf3d"
      }
    }
  }
}
